
Microsoft Visual Studio Solution File, Format Version 12.00
# Visual Studio 14
VisualStudioVersion = 14.0.25420.1
MinimumVisualStudioVersion = 10.0.40219.1
Project("{2150E333-8FDC-42A3-9474-1A3956D46DE8}") = "src", "src", "{67AE55E6-3E01-43C9-B30C-834D8CA71289}"
EndProject
Project("{2150E333-8FDC-42A3-9474-1A3956D46DE8}") = "Solution Items", "Solution Items", "{647A649B-4B9F-4209-8D20-FC7E0C24805E}"
	ProjectSection(SolutionItems) = preProject
		global.json = global.json
	EndProjectSection
EndProject
Project("{8BB2217D-0F2D-49D1-97BC-3654ED321F3B}") = "BeerlistService", "src\BeerlistService\BeerlistService.xproj", "{76C1B67D-981D-4667-9FFD-72DD8273456C}"
EndProject
Global
	GlobalSection(SolutionConfigurationPlatforms) = preSolution
		Debug|Any CPU = Debug|Any CPU
		Release|Any CPU = Release|Any CPU
	EndGlobalSection
	GlobalSection(ProjectConfigurationPlatforms) = postSolution
		{76C1B67D-981D-4667-9FFD-72DD8273456C}.Debug|Any CPU.ActiveCfg = Debug|Any CPU
		{76C1B67D-981D-4667-9FFD-72DD8273456C}.Debug|Any CPU.Build.0 = Debug|Any CPU
		{76C1B67D-981D-4667-9FFD-72DD8273456C}.Release|Any CPU.ActiveCfg = Release|Any CPU
		{76C1B67D-981D-4667-9FFD-72DD8273456C}.Release|Any CPU.Build.0 = Release|Any CPU
	EndGlobalSection
	GlobalSection(SolutionProperties) = preSolution
		HideSolutionNode = FALSE
	EndGlobalSection
	GlobalSection(NestedProjects) = preSolution
		{76C1B67D-981D-4667-9FFD-72DD8273456C} = {67AE55E6-3E01-43C9-B30C-834D8CA71289}
	EndGlobalSection
EndGlobal
